
Microsoft Visual Studio Solution File, Format Version 12.00
# Visual Studio Version 17
VisualStudioVersion = 17.0.32126.317
MinimumVisualStudioVersion = 10.0.40219.1
Project("{9A19103F-16F7-4668-BE54-9A1E7A4F7556}") = "RMS.UI", "RMS.UI\RMS.UI.csproj", "{9CD11727-01CA-4298-A0C5-DF24291BB046}"
EndProject
Project("{2150E333-8FDC-42A3-9474-1A3956D46DE8}") = "Solution Items", "Solution Items", "{3B54F1BD-E2FF-4E01-9394-E4398B3F34F4}"
	ProjectSection(SolutionItems) = preProject
		.editorconfig = .editorconfig
	EndProjectSection
EndProject
Project("{9A19103F-16F7-4668-BE54-9A1E7A4F7556}") = "DebugConsole", "DebugConsole\DebugConsole.csproj", "{3B7142F4-4CE4-4476-8301-B8750E50E292}"
EndProject
Project("{9A19103F-16F7-4668-BE54-9A1E7A4F7556}") = "RMS.DATA", "RMS.DATA\RMS.DATA.csproj", "{D1AB7467-669D-4E54-842B-99474317B2E2}"
EndProject
Global
	GlobalSection(SolutionConfigurationPlatforms) = preSolution
		Debug|Any CPU = Debug|Any CPU
		Debug|x86 = Debug|x86
		Release|Any CPU = Release|Any CPU
		Release|x86 = Release|x86
	EndGlobalSection
	GlobalSection(ProjectConfigurationPlatforms) = postSolution
		{9CD11727-01CA-4298-A0C5-DF24291BB046}.Debug|Any CPU.ActiveCfg = Debug|Any CPU
		{9CD11727-01CA-4298-A0C5-DF24291BB046}.Debug|Any CPU.Build.0 = Debug|Any CPU
		{9CD11727-01CA-4298-A0C5-DF24291BB046}.Debug|x86.ActiveCfg = Debug|x86
		{9CD11727-01CA-4298-A0C5-DF24291BB046}.Debug|x86.Build.0 = Debug|x86
		{9CD11727-01CA-4298-A0C5-DF24291BB046}.Release|Any CPU.ActiveCfg = Release|Any CPU
		{9CD11727-01CA-4298-A0C5-DF24291BB046}.Release|Any CPU.Build.0 = Release|Any CPU
		{9CD11727-01CA-4298-A0C5-DF24291BB046}.Release|x86.ActiveCfg = Release|x86
		{9CD11727-01CA-4298-A0C5-DF24291BB046}.Release|x86.Build.0 = Release|x86
		{3B7142F4-4CE4-4476-8301-B8750E50E292}.Debug|Any CPU.ActiveCfg = Debug|Any CPU
		{3B7142F4-4CE4-4476-8301-B8750E50E292}.Debug|Any CPU.Build.0 = Debug|Any CPU
		{3B7142F4-4CE4-4476-8301-B8750E50E292}.Debug|x86.ActiveCfg = Debug|x86
		{3B7142F4-4CE4-4476-8301-B8750E50E292}.Debug|x86.Build.0 = Debug|x86
		{3B7142F4-4CE4-4476-8301-B8750E50E292}.Release|Any CPU.ActiveCfg = Release|Any CPU
		{3B7142F4-4CE4-4476-8301-B8750E50E292}.Release|Any CPU.Build.0 = Release|Any CPU
		{3B7142F4-4CE4-4476-8301-B8750E50E292}.Release|x86.ActiveCfg = Release|x86
		{3B7142F4-4CE4-4476-8301-B8750E50E292}.Release|x86.Build.0 = Release|x86
		{D1AB7467-669D-4E54-842B-99474317B2E2}.Debug|Any CPU.ActiveCfg = Debug|Any CPU
		{D1AB7467-669D-4E54-842B-99474317B2E2}.Debug|Any CPU.Build.0 = Debug|Any CPU
		{D1AB7467-669D-4E54-842B-99474317B2E2}.Debug|x86.ActiveCfg = Debug|x86
		{D1AB7467-669D-4E54-842B-99474317B2E2}.Debug|x86.Build.0 = Debug|x86
		{D1AB7467-669D-4E54-842B-99474317B2E2}.Release|Any CPU.ActiveCfg = Release|Any CPU
		{D1AB7467-669D-4E54-842B-99474317B2E2}.Release|Any CPU.Build.0 = Release|Any CPU
		{D1AB7467-669D-4E54-842B-99474317B2E2}.Release|x86.ActiveCfg = Release|x86
		{D1AB7467-669D-4E54-842B-99474317B2E2}.Release|x86.Build.0 = Release|x86
	EndGlobalSection
	GlobalSection(SolutionProperties) = preSolution
		HideSolutionNode = FALSE
	EndGlobalSection
	GlobalSection(ExtensibilityGlobals) = postSolution
		SolutionGuid = {EAFB4E0B-0065-4C65-8F2D-B809A567D528}
	EndGlobalSection
EndGlobal
